# @generated by Move, please check-in and do not edit manually.

[move]
version = 2
manifest_digest = "36F8E657D0C3D486C88DAADC6CA938BFAB46C02F29B15125F10205C5CB418DF3"
deps_digest = "F8BBB0CCB2491CA29A3DF03D6F92277A4F3574266507ACD77214D37ECA3F3082"
dependencies = [
  { name = "Sui" },
]

[[move.package]]
name = "MoveStdlib"
source = { git = "https://github.com/MystenLabs/sui.git", rev = "mainnet-v1.36.2", subdir = "crates/sui-framework/packages/move-stdlib" }

[[move.package]]
name = "Sui"
source = { git = "https://github.com/MystenLabs/sui.git", rev = "mainnet-v1.36.2", subdir = "crates/sui-framework/packages/sui-framework" }

dependencies = [
  { name = "MoveStdlib" },
]

[move.toolchain-version]
compiler-version = "1.30.3"
edition = "2024.alpha"
flavor = "sui"

[env]

[env.testnet]
chain-id = "4c78adac"
original-published-id = "0x417ad1864a56a29ad0b5aaddd2e11bac1eeab6a68883ef53184a4cc5c293fec6"
latest-published-id = "0x417ad1864a56a29ad0b5aaddd2e11bac1eeab6a68883ef53184a4cc5c293fec6"
published-version = "1"
